
Microsoft Visual Studio Solution File, Format Version 12.00
# Visual Studio Version 17
VisualStudioVersion = 17.14.36301.6 d17.14
MinimumVisualStudioVersion = 10.0.40219.1
Project("{FAE04EC0-301F-11D3-BF4B-00C04F79EFBC}") = "LoanManagementApi", "LoanManagementApi\LoanManagementApi.csproj", "{1AEA85AF-EFA9-40E6-9A70-1AFBED51E973}"
EndProject
Global
	GlobalSection(SolutionConfigurationPlatforms) = preSolution
		Debug|Any CPU = Debug|Any CPU
		Release|Any CPU = Release|Any CPU
	EndGlobalSection
	GlobalSection(ProjectConfigurationPlatforms) = postSolution
		{1AEA85AF-EFA9-40E6-9A70-1AFBED51E973}.Debug|Any CPU.ActiveCfg = Debug|Any CPU
		{1AEA85AF-EFA9-40E6-9A70-1AFBED51E973}.Debug|Any CPU.Build.0 = Debug|Any CPU
		{1AEA85AF-EFA9-40E6-9A70-1AFBED51E973}.Release|Any CPU.ActiveCfg = Release|Any CPU
		{1AEA85AF-EFA9-40E6-9A70-1AFBED51E973}.Release|Any CPU.Build.0 = Release|Any CPU
	EndGlobalSection
	GlobalSection(SolutionProperties) = preSolution
		HideSolutionNode = FALSE
	EndGlobalSection
	GlobalSection(ExtensibilityGlobals) = postSolution
		SolutionGuid = {7BAB2811-8FBE-4AA8-B8EF-259B923F6F86}
	EndGlobalSection
EndGlobal
